PODS:
  - Masonry (1.1.0)
  - News (0.1.0)

DEPENDENCIES:
  - Masonry
  - News (from `../`)

SPEC REPOS:
  trunk:
    - Masonry

EXTERNAL SOURCES:
  News:
    :path: "../"

SPEC CHECKSUMS:
  Masonry: 678fab65091a9290e40e2832a55e7ab731aad201
  News: dd98f4e560ebb2c8b58a90510e460ea92c78b57d

PODFILE CHECKSUM: 0bdfa065669d909eaa208df690ec46c3d954a8e4

COCOAPODS: 1.8.4
